<?xml version="1.0" encoding="utf-8"?>
<Project ToolsVersion="4.0" xmlns="http://schemas.microsoft.com/developer/msbuild/2003">
  <ItemGroup>
    <ClCompile Include="..\..\..\C++Source\ArrayPoint.cpp">
      <Filter>C++Code</Filter>
    </ClCompile>
    <ClCompile Include="..\..\..\OpencvStudy\codeTest.cpp">
      <Filter>C++Code</Filter>
    </ClCompile>
    <ClCompile Include="..\..\..\C++Source\ConstTest.cpp">
      <Filter>C++Code</Filter>
    </ClCompile>
    <ClCompile Include="..\..\..\C++Source\classTest.cpp">
      <Filter>C++Code</Filter>
    </ClCompile>
    <ClCompile Include="..\..\..\C++Source\CharCode.cpp">
      <Filter>C++Code</Filter>
    </ClCompile>
    <ClCompile Include="..\..\..\OpencvStudy\BaseData.cpp">
      <Filter>C++Code</Filter>
    </ClCompile>
    <ClCompile Include="..\..\..\OpencvStudy\WayToAccessPixel.cpp">
      <Filter>ImagePro</Filter>
    </ClCompile>
    <ClCompile Include="..\..\..\OpencvStudy\VectorTest.cpp">
      <Filter>ImagePro</Filter>
    </ClCompile>
    <ClCompile Include="..\..\..\OpencvStudy\HarrisTest.cpp">
      <Filter>ImagePro</Filter>
    </ClCompile>
    <ClCompile Include="..\..\..\OpencvStudy\PointAndScalar.cpp">
      <Filter>ImagePro</Filter>
    </ClCompile>
    <ClCompile Include="..\..\..\C++Source\operatorStudy.cpp">
      <Filter>C++Code</Filter>
    </ClCompile>
    <ClCompile Include="..\..\..\C++Source\FunPointer.cpp">
      <Filter>C++Code</Filter>
    </ClCompile>
    <ClCompile Include="..\..\..\OpencvStudy\faceDect.cpp">
      <Filter>ImagePro</Filter>
    </ClCompile>
    <ClCompile Include="..\..\..\OpencvStudy\DisplayImage.cpp">
      <Filter>ImagePro</Filter>
    </ClCompile>
    <ClCompile Include="..\..\..\ImagePro\AnswerCard.cpp">
      <Filter>ImagePro</Filter>
    </ClCompile>
    <ClCompile Include="..\..\..\OpencvStudy\FaceRecognize.cpp">
      <Filter>ImagePro</Filter>
    </ClCompile>
    <ClCompile Include="..\..\..\OpencvSource\FilterEngineSource.cpp">
      <Filter>ImagePro</Filter>
    </ClCompile>
    <ClCompile Include="..\..\..\OpencvSource\FilterSource.cpp">
      <Filter>ImagePro</Filter>
    </ClCompile>
    <ClCompile Include="..\..\..\OpencvStudy\GuiUse.cpp">
      <Filter>ImagePro</Filter>
    </ClCompile>
    <ClCompile Include="..\..\..\ImagePro\LocationTest.cpp">
      <Filter>ImagePro</Filter>
    </ClCompile>
    <ClCompile Include="..\..\..\OpencvStudy\MatrixTest.cpp">
      <Filter>ImagePro</Filter>
    </ClCompile>
    <ClCompile Include="..\..\..\OpencvStudy\roiTest.cpp">
      <Filter>ImagePro</Filter>
    </ClCompile>
    <ClCompile Include="..\..\..\OpencvStudy\SexDect.cpp">
      <Filter>ImagePro</Filter>
    </ClCompile>
    <ClCompile Include="..\..\..\DesignModel\Singleton.cpp">
      <Filter>DesignModel</Filter>
    </ClCompile>
    <ClCompile Include="..\..\..\OpencvStudy\SurfTest.cpp">
      <Filter>ImagePro</Filter>
    </ClCompile>
    <ClCompile Include="..\..\..\FeatureCode\surfTest.cpp">
      <Filter>ImagePro</Filter>
    </ClCompile>
    <ClCompile Include="..\..\..\C++Source\TemplateDef.cpp">
      <Filter>DesignModel</Filter>
    </ClCompile>
  </ItemGroup>
  <ItemGroup>
    <Filter Include="Header">
      <UniqueIdentifier>{6cf1eba9-72a6-4b10-a3de-c0618b96436e}</UniqueIdentifier>
    </Filter>
    <Filter Include="C++Code">
      <UniqueIdentifier>{5839e287-5250-41f6-9ca2-15c42d66f719}</UniqueIdentifier>
    </Filter>
    <Filter Include="ImagePro">
      <UniqueIdentifier>{b4f213c0-7a41-4cb1-9fac-081112074380}</UniqueIdentifier>
    </Filter>
    <Filter Include="DesignModel">
      <UniqueIdentifier>{dd0e489c-4e3d-4fdf-9cca-92037a94f071}</UniqueIdentifier>
    </Filter>
  </ItemGroup>
  <ItemGroup>
    <ClInclude Include="..\..\..\include.h">
      <Filter>Header</Filter>
    </ClInclude>
  </ItemGroup>
</Project>